
Microsoft Visual Studio Solution File, Format Version 12.00
# Visual Studio 2013
VisualStudioVersion = 12.0.40629.0
MinimumVisualStudioVersion = 10.0.40219.1
Project("{FAE04EC0-301F-11D3-BF4B-00C04F79EFBC}") = "BA.Framework.IMLib", "BA.Framework.IMLib\BA.Framework.IMLib.csproj", "{C731BD2C-0D8B-44EE-8C90-2595EF022646}"
EndProject
Project("{FAE04EC0-301F-11D3-BF4B-00C04F79EFBC}") = "SimpleTest", "SimpleTest\SimpleTest.csproj", "{D78F33CB-30B4-442D-BA9C-560832241B0E}"
EndProject
Project("{FAE04EC0-301F-11D3-BF4B-00C04F79EFBC}") = "ImageThumbnail", "ImageThumbnail\ImageThumbnail.csproj", "{EB95D94F-B42B-4D97-B5B5-18D535127861}"
EndProject
Project("{FAE04EC0-301F-11D3-BF4B-00C04F79EFBC}") = "DemoForCsharpIMLib", "DemoForCsharpIMLib\DemoForCsharpIMLib.csproj", "{837376E5-8E89-4813-9A97-C55EBB71E040}"
EndProject
Project("{FAE04EC0-301F-11D3-BF4B-00C04F79EFBC}") = "NetworkChange", "NetworkChange\NetworkChange.csproj", "{A8F5DE67-FB48-493A-B6CF-A7C4AFF288D0}"
EndProject
Project("{FAE04EC0-301F-11D3-BF4B-00C04F79EFBC}") = "DataReaderAnysle", "DataReaderAnysle\DataReaderAnysle.csproj", "{AC06E3E8-99F1-42A3-AA4C-CDCC87D9F09E}"
EndProject
Project("{7CF6DF6D-3B04-46F8-A40B-537D21BCA0B4}") = "SDK_DOC", "SDK_DOC\SDK_DOC.shfbproj", "{E2AD2EED-F530-4356-BDD6-E9A9B8F5409E}"
EndProject
Project("{FAE04EC0-301F-11D3-BF4B-00C04F79EFBC}") = "WebDemo", "WebDemo\WebDemo.csproj", "{EEF05DF9-1B55-4144-8996-147F4BD38520}"
EndProject
Project("{FAE04EC0-301F-11D3-BF4B-00C04F79EFBC}") = "DemoTest", "DemoTest\DemoTest.csproj", "{3BFB4F7E-A36A-49EC-9AF1-3DD19B145251}"
EndProject
Project("{FAE04EC0-301F-11D3-BF4B-00C04F79EFBC}") = "BPointTokenGet", "BPointTokenGet\BPointTokenGet.csproj", "{0AC9D5E7-574F-4ED1-BCC7-83E8FAA50FF0}"
EndProject
Global
	GlobalSection(SolutionConfigurationPlatforms) = preSolution
		Debug|Any CPU = Debug|Any CPU
		Release|Any CPU = Release|Any CPU
	EndGlobalSection
	GlobalSection(ProjectConfigurationPlatforms) = postSolution
		{C731BD2C-0D8B-44EE-8C90-2595EF022646}.Debug|Any CPU.ActiveCfg = Release|Any CPU
		{C731BD2C-0D8B-44EE-8C90-2595EF022646}.Debug|Any CPU.Build.0 = Release|Any CPU
		{C731BD2C-0D8B-44EE-8C90-2595EF022646}.Release|Any CPU.ActiveCfg = Release|Any CPU
		{C731BD2C-0D8B-44EE-8C90-2595EF022646}.Release|Any CPU.Build.0 = Release|Any CPU
		{D78F33CB-30B4-442D-BA9C-560832241B0E}.Debug|Any CPU.ActiveCfg = Debug|Any CPU
		{D78F33CB-30B4-442D-BA9C-560832241B0E}.Debug|Any CPU.Build.0 = Debug|Any CPU
		{D78F33CB-30B4-442D-BA9C-560832241B0E}.Release|Any CPU.ActiveCfg = Release|Any CPU
		{D78F33CB-30B4-442D-BA9C-560832241B0E}.Release|Any CPU.Build.0 = Release|Any CPU
		{EB95D94F-B42B-4D97-B5B5-18D535127861}.Debug|Any CPU.ActiveCfg = Debug|Any CPU
		{EB95D94F-B42B-4D97-B5B5-18D535127861}.Debug|Any CPU.Build.0 = Debug|Any CPU
		{EB95D94F-B42B-4D97-B5B5-18D535127861}.Release|Any CPU.ActiveCfg = Release|Any CPU
		{EB95D94F-B42B-4D97-B5B5-18D535127861}.Release|Any CPU.Build.0 = Release|Any CPU
		{837376E5-8E89-4813-9A97-C55EBB71E040}.Debug|Any CPU.ActiveCfg = Debug|Any CPU
		{837376E5-8E89-4813-9A97-C55EBB71E040}.Debug|Any CPU.Build.0 = Debug|Any CPU
		{837376E5-8E89-4813-9A97-C55EBB71E040}.Release|Any CPU.ActiveCfg = Release|Any CPU
		{837376E5-8E89-4813-9A97-C55EBB71E040}.Release|Any CPU.Build.0 = Release|Any CPU
		{A8F5DE67-FB48-493A-B6CF-A7C4AFF288D0}.Debug|Any CPU.ActiveCfg = Debug|Any CPU
		{A8F5DE67-FB48-493A-B6CF-A7C4AFF288D0}.Debug|Any CPU.Build.0 = Debug|Any CPU
		{A8F5DE67-FB48-493A-B6CF-A7C4AFF288D0}.Release|Any CPU.ActiveCfg = Release|Any CPU
		{A8F5DE67-FB48-493A-B6CF-A7C4AFF288D0}.Release|Any CPU.Build.0 = Release|Any CPU
		{AC06E3E8-99F1-42A3-AA4C-CDCC87D9F09E}.Debug|Any CPU.ActiveCfg = Debug|Any CPU
		{AC06E3E8-99F1-42A3-AA4C-CDCC87D9F09E}.Debug|Any CPU.Build.0 = Debug|Any CPU
		{AC06E3E8-99F1-42A3-AA4C-CDCC87D9F09E}.Release|Any CPU.ActiveCfg = Release|Any CPU
		{AC06E3E8-99F1-42A3-AA4C-CDCC87D9F09E}.Release|Any CPU.Build.0 = Release|Any CPU
		{E2AD2EED-F530-4356-BDD6-E9A9B8F5409E}.Debug|Any CPU.ActiveCfg = Debug|Any CPU
		{E2AD2EED-F530-4356-BDD6-E9A9B8F5409E}.Debug|Any CPU.Build.0 = Debug|Any CPU
		{E2AD2EED-F530-4356-BDD6-E9A9B8F5409E}.Release|Any CPU.ActiveCfg = Release|Any CPU
		{E2AD2EED-F530-4356-BDD6-E9A9B8F5409E}.Release|Any CPU.Build.0 = Release|Any CPU
		{EEF05DF9-1B55-4144-8996-147F4BD38520}.Debug|Any CPU.ActiveCfg = Debug|Any CPU
		{EEF05DF9-1B55-4144-8996-147F4BD38520}.Debug|Any CPU.Build.0 = Debug|Any CPU
		{EEF05DF9-1B55-4144-8996-147F4BD38520}.Release|Any CPU.ActiveCfg = Release|Any CPU
		{EEF05DF9-1B55-4144-8996-147F4BD38520}.Release|Any CPU.Build.0 = Release|Any CPU
		{3BFB4F7E-A36A-49EC-9AF1-3DD19B145251}.Debug|Any CPU.ActiveCfg = Debug|Any CPU
		{3BFB4F7E-A36A-49EC-9AF1-3DD19B145251}.Debug|Any CPU.Build.0 = Debug|Any CPU
		{3BFB4F7E-A36A-49EC-9AF1-3DD19B145251}.Release|Any CPU.ActiveCfg = Release|Any CPU
		{3BFB4F7E-A36A-49EC-9AF1-3DD19B145251}.Release|Any CPU.Build.0 = Release|Any CPU
		{0AC9D5E7-574F-4ED1-BCC7-83E8FAA50FF0}.Debug|Any CPU.ActiveCfg = Debug|Any CPU
		{0AC9D5E7-574F-4ED1-BCC7-83E8FAA50FF0}.Debug|Any CPU.Build.0 = Debug|Any CPU
		{0AC9D5E7-574F-4ED1-BCC7-83E8FAA50FF0}.Release|Any CPU.ActiveCfg = Release|Any CPU
		{0AC9D5E7-574F-4ED1-BCC7-83E8FAA50FF0}.Release|Any CPU.Build.0 = Release|Any CPU
	EndGlobalSection
	GlobalSection(SolutionProperties) = preSolution
		HideSolutionNode = FALSE
	EndGlobalSection
EndGlobal
